
Microsoft Visual Studio Solution File, Format Version 12.00
# Visual Studio Version 17
VisualStudioVersion = 17.0.31903.59
MinimumVisualStudioVersion = 10.0.40219.1
Project("{2150E333-8FDC-42A3-9474-1A3956D46DE8}") = "src", "src", "{B1370349-29FA-49A1-A229-A31F7516A1FF}"
EndProject
Project("{9A19103F-16F7-4668-BE54-9A1E7A4F7556}") = "SmartComponents.AspNetCore.Components", "src\SmartComponents.AspNetCore.Components\SmartComponents.AspNetCore.Components.csproj", "{5A61C8A0-4E79-4C66-9C33-109D59B7E555}"
EndProject
Project("{9A19103F-16F7-4668-BE54-9A1E7A4F7556}") = "SmartComponents.AspNetCore", "src\SmartComponents.AspNetCore\SmartComponents.AspNetCore.csproj", "{30969CEE-CC7C-447D-A2CF-38859AD73D41}"
EndProject
Project("{2150E333-8FDC-42A3-9474-1A3956D46DE8}") = "samples", "samples", "{EDF2A38A-7762-4EEA-8C63-F32407B5EEAC}"
EndProject
Project("{9A19103F-16F7-4668-BE54-9A1E7A4F7556}") = "ExampleBlazorApp", "samples\ExampleBlazorApp\ExampleBlazorApp.csproj", "{7F662D6E-75CE-4B71-A722-C119DDCDFF2E}"
EndProject
Project("{9A19103F-16F7-4668-BE54-9A1E7A4F7556}") = "ExampleMvcRazorPagesApp", "samples\ExampleMvcRazorPagesApp\ExampleMvcRazorPagesApp.csproj", "{89303802-42B0-44DF-A962-C09825FBF40C}"
EndProject
Project("{2150E333-8FDC-42A3-9474-1A3956D46DE8}") = "test", "test", "{03710CDB-ACD6-4712-95C8-B780EEEFAA29}"
EndProject
Project("{9A19103F-16F7-4668-BE54-9A1E7A4F7556}") = "SmartComponents.StaticAssets", "src\SmartComponents.StaticAssets\SmartComponents.StaticAssets.csproj", "{1BCB545E-DC0F-422A-B5C7-E194E8F2B799}"
EndProject
Project("{2150E333-8FDC-42A3-9474-1A3956D46DE8}") = "testassets", "testassets", "{7A830C0D-7E18-4674-A729-726085D9C0D1}"
EndProject
Project("{9A19103F-16F7-4668-BE54-9A1E7A4F7556}") = "TestMvcApp", "test\testassets\TestMvcApp\TestMvcApp.csproj", "{E139BF4E-3BC2-40FB-80BF-6B5DF2075DA2}"
EndProject
Project("{9A19103F-16F7-4668-BE54-9A1E7A4F7556}") = "TestBlazorApp", "test\testassets\TestBlazorApp\TestBlazorApp.csproj", "{1083F54F-D7D4-46FF-9554-278A1655A1D3}"
EndProject
Project("{9A19103F-16F7-4668-BE54-9A1E7A4F7556}") = "SmartComponents.Inference", "src\SmartComponents.Inference\SmartComponents.Inference.csproj", "{ED69BAFD-00BC-4086-A34D-466CFCEBB300}"
EndProject
Project("{9A19103F-16F7-4668-BE54-9A1E7A4F7556}") = "SmartComponents.Inference.OpenAI", "src\SmartComponents.Inference.OpenAI\SmartComponents.Inference.OpenAI.csproj", "{7AE35372-45C8-4ACA-BEEA-265C8A272910}"
EndProject
Project("{9A19103F-16F7-4668-BE54-9A1E7A4F7556}") = "SmartComponents.E2ETest.Common", "test\SmartComponents.E2ETest.Common\SmartComponents.E2ETest.Common.csproj", "{3970A925-2753-4E2C-B39C-420C3BC80373}"
EndProject
Project("{9A19103F-16F7-4668-BE54-9A1E7A4F7556}") = "SmartComponents.E2ETest.Mvc", "test\SmartComponents.E2ETest.Mvc\SmartComponents.E2ETest.Mvc.csproj", "{A0530A9F-C57D-4FC7-89B3-2C0B0005ADF8}"
EndProject
Project("{9A19103F-16F7-4668-BE54-9A1E7A4F7556}") = "SmartComponents.E2ETest.Blazor", "test\SmartComponents.E2ETest.Blazor\SmartComponents.E2ETest.Blazor.csproj", "{86CB7231-2401-4286-BDD2-778F2F0EBB6C}"
EndProject
Project("{FAE04EC0-301F-11D3-BF4B-00C04F79EFBC}") = "TestBlazorApp.Client", "test\testassets\TestBlazorApp.Client\TestBlazorApp.Client.csproj", "{C09F2AF7-1AB8-4FA4-8522-BF896A867493}"
EndProject
Global
	GlobalSection(SolutionConfigurationPlatforms) = preSolution
		Debug|Any CPU = Debug|Any CPU
		Release|Any CPU = Release|Any CPU
	EndGlobalSection
	GlobalSection(ProjectConfigurationPlatforms) = postSolution
		{5A61C8A0-4E79-4C66-9C33-109D59B7E555}.Debug|Any CPU.ActiveCfg = Debug|Any CPU
		{5A61C8A0-4E79-4C66-9C33-109D59B7E555}.Debug|Any CPU.Build.0 = Debug|Any CPU
		{5A61C8A0-4E79-4C66-9C33-109D59B7E555}.Release|Any CPU.ActiveCfg = Release|Any CPU
		{5A61C8A0-4E79-4C66-9C33-109D59B7E555}.Release|Any CPU.Build.0 = Release|Any CPU
		{30969CEE-CC7C-447D-A2CF-38859AD73D41}.Debug|Any CPU.ActiveCfg = Debug|Any CPU
		{30969CEE-CC7C-447D-A2CF-38859AD73D41}.Debug|Any CPU.Build.0 = Debug|Any CPU
		{30969CEE-CC7C-447D-A2CF-38859AD73D41}.Release|Any CPU.ActiveCfg = Release|Any CPU
		{30969CEE-CC7C-447D-A2CF-38859AD73D41}.Release|Any CPU.Build.0 = Release|Any CPU
		{7F662D6E-75CE-4B71-A722-C119DDCDFF2E}.Debug|Any CPU.ActiveCfg = Debug|Any CPU
		{7F662D6E-75CE-4B71-A722-C119DDCDFF2E}.Debug|Any CPU.Build.0 = Debug|Any CPU
		{7F662D6E-75CE-4B71-A722-C119DDCDFF2E}.Release|Any CPU.ActiveCfg = Release|Any CPU
		{7F662D6E-75CE-4B71-A722-C119DDCDFF2E}.Release|Any CPU.Build.0 = Release|Any CPU
		{89303802-42B0-44DF-A962-C09825FBF40C}.Debug|Any CPU.ActiveCfg = Debug|Any CPU
		{89303802-42B0-44DF-A962-C09825FBF40C}.Debug|Any CPU.Build.0 = Debug|Any CPU
		{89303802-42B0-44DF-A962-C09825FBF40C}.Release|Any CPU.ActiveCfg = Release|Any CPU
		{89303802-42B0-44DF-A962-C09825FBF40C}.Release|Any CPU.Build.0 = Release|Any CPU
		{1BCB545E-DC0F-422A-B5C7-E194E8F2B799}.Debug|Any CPU.ActiveCfg = Debug|Any CPU
		{1BCB545E-DC0F-422A-B5C7-E194E8F2B799}.Debug|Any CPU.Build.0 = Debug|Any CPU
		{1BCB545E-DC0F-422A-B5C7-E194E8F2B799}.Release|Any CPU.ActiveCfg = Release|Any CPU
		{1BCB545E-DC0F-422A-B5C7-E194E8F2B799}.Release|Any CPU.Build.0 = Release|Any CPU
		{E139BF4E-3BC2-40FB-80BF-6B5DF2075DA2}.Debug|Any CPU.ActiveCfg = Debug|Any CPU
		{E139BF4E-3BC2-40FB-80BF-6B5DF2075DA2}.Debug|Any CPU.Build.0 = Debug|Any CPU
		{E139BF4E-3BC2-40FB-80BF-6B5DF2075DA2}.Release|Any CPU.ActiveCfg = Release|Any CPU
		{E139BF4E-3BC2-40FB-80BF-6B5DF2075DA2}.Release|Any CPU.Build.0 = Release|Any CPU
		{1083F54F-D7D4-46FF-9554-278A1655A1D3}.Debug|Any CPU.ActiveCfg = Debug|Any CPU
		{1083F54F-D7D4-46FF-9554-278A1655A1D3}.Debug|Any CPU.Build.0 = Debug|Any CPU
		{1083F54F-D7D4-46FF-9554-278A1655A1D3}.Release|Any CPU.ActiveCfg = Release|Any CPU
		{1083F54F-D7D4-46FF-9554-278A1655A1D3}.Release|Any CPU.Build.0 = Release|Any CPU
		{ED69BAFD-00BC-4086-A34D-466CFCEBB300}.Debug|Any CPU.ActiveCfg = Debug|Any CPU
		{ED69BAFD-00BC-4086-A34D-466CFCEBB300}.Debug|Any CPU.Build.0 = Debug|Any CPU
		{ED69BAFD-00BC-4086-A34D-466CFCEBB300}.Release|Any CPU.ActiveCfg = Release|Any CPU
		{ED69BAFD-00BC-4086-A34D-466CFCEBB300}.Release|Any CPU.Build.0 = Release|Any CPU
		{7AE35372-45C8-4ACA-BEEA-265C8A272910}.Debug|Any CPU.ActiveCfg = Debug|Any CPU
		{7AE35372-45C8-4ACA-BEEA-265C8A272910}.Debug|Any CPU.Build.0 = Debug|Any CPU
		{7AE35372-45C8-4ACA-BEEA-265C8A272910}.Release|Any CPU.ActiveCfg = Release|Any CPU
		{7AE35372-45C8-4ACA-BEEA-265C8A272910}.Release|Any CPU.Build.0 = Release|Any CPU
		{3970A925-2753-4E2C-B39C-420C3BC80373}.Debug|Any CPU.ActiveCfg = Debug|Any CPU
		{3970A925-2753-4E2C-B39C-420C3BC80373}.Debug|Any CPU.Build.0 = Debug|Any CPU
		{3970A925-2753-4E2C-B39C-420C3BC80373}.Release|Any CPU.ActiveCfg = Release|Any CPU
		{3970A925-2753-4E2C-B39C-420C3BC80373}.Release|Any CPU.Build.0 = Release|Any CPU
		{A0530A9F-C57D-4FC7-89B3-2C0B0005ADF8}.Debug|Any CPU.ActiveCfg = Debug|Any CPU
		{A0530A9F-C57D-4FC7-89B3-2C0B0005ADF8}.Debug|Any CPU.Build.0 = Debug|Any CPU
		{A0530A9F-C57D-4FC7-89B3-2C0B0005ADF8}.Release|Any CPU.ActiveCfg = Release|Any CPU
		{A0530A9F-C57D-4FC7-89B3-2C0B0005ADF8}.Release|Any CPU.Build.0 = Release|Any CPU
		{86CB7231-2401-4286-BDD2-778F2F0EBB6C}.Debug|Any CPU.ActiveCfg = Debug|Any CPU
		{86CB7231-2401-4286-BDD2-778F2F0EBB6C}.Debug|Any CPU.Build.0 = Debug|Any CPU
		{86CB7231-2401-4286-BDD2-778F2F0EBB6C}.Release|Any CPU.ActiveCfg = Release|Any CPU
		{86CB7231-2401-4286-BDD2-778F2F0EBB6C}.Release|Any CPU.Build.0 = Release|Any CPU
		{C09F2AF7-1AB8-4FA4-8522-BF896A867493}.Debug|Any CPU.ActiveCfg = Debug|Any CPU
		{C09F2AF7-1AB8-4FA4-8522-BF896A867493}.Debug|Any CPU.Build.0 = Debug|Any CPU
		{C09F2AF7-1AB8-4FA4-8522-BF896A867493}.Release|Any CPU.ActiveCfg = Release|Any CPU
		{C09F2AF7-1AB8-4FA4-8522-BF896A867493}.Release|Any CPU.Build.0 = Release|Any CPU
	EndGlobalSection
	GlobalSection(SolutionProperties) = preSolution
		HideSolutionNode = FALSE
	EndGlobalSection
	GlobalSection(NestedProjects) = preSolution
		{5A61C8A0-4E79-4C66-9C33-109D59B7E555} = {B1370349-29FA-49A1-A229-A31F7516A1FF}
		{30969CEE-CC7C-447D-A2CF-38859AD73D41} = {B1370349-29FA-49A1-A229-A31F7516A1FF}
		{7F662D6E-75CE-4B71-A722-C119DDCDFF2E} = {EDF2A38A-7762-4EEA-8C63-F32407B5EEAC}
		{89303802-42B0-44DF-A962-C09825FBF40C} = {EDF2A38A-7762-4EEA-8C63-F32407B5EEAC}
		{1BCB545E-DC0F-422A-B5C7-E194E8F2B799} = {B1370349-29FA-49A1-A229-A31F7516A1FF}
		{7A830C0D-7E18-4674-A729-726085D9C0D1} = {03710CDB-ACD6-4712-95C8-B780EEEFAA29}
		{E139BF4E-3BC2-40FB-80BF-6B5DF2075DA2} = {7A830C0D-7E18-4674-A729-726085D9C0D1}
		{1083F54F-D7D4-46FF-9554-278A1655A1D3} = {7A830C0D-7E18-4674-A729-726085D9C0D1}
		{ED69BAFD-00BC-4086-A34D-466CFCEBB300} = {B1370349-29FA-49A1-A229-A31F7516A1FF}
		{7AE35372-45C8-4ACA-BEEA-265C8A272910} = {B1370349-29FA-49A1-A229-A31F7516A1FF}
		{3970A925-2753-4E2C-B39C-420C3BC80373} = {03710CDB-ACD6-4712-95C8-B780EEEFAA29}
		{A0530A9F-C57D-4FC7-89B3-2C0B0005ADF8} = {03710CDB-ACD6-4712-95C8-B780EEEFAA29}
		{86CB7231-2401-4286-BDD2-778F2F0EBB6C} = {03710CDB-ACD6-4712-95C8-B780EEEFAA29}
		{C09F2AF7-1AB8-4FA4-8522-BF896A867493} = {7A830C0D-7E18-4674-A729-726085D9C0D1}
	EndGlobalSection
	GlobalSection(ExtensibilityGlobals) = postSolution
		SolutionGuid = {9D22AAE3-5C4E-4636-8FE0-FD175D10A3CA}
	EndGlobalSection
EndGlobal
